github.com/akb/go-cli v0.0.0-20200705150910-85a20208582d h1:O1O9I8KbbURd/hjxR38lJSdP3rUMORmJcghyqWWOIj4=
github.com/akb/go-cli v0.0.0-20200705150910-85a20208582d/go.mod h1:6eUx17EVwbvrw7FISdFvsDX+u2OCxQrFDxJBZ8rKLI8=
github.com/akb/go-cli v0.0.0-20200705153241-2e3b2363fa0c h1:sLOvnr6+5xAEldr4PLkmlns0x3m6Zy6QzG7x/Zo/GkU=
github.com/akb/go-cli v0.0.0-20200705153241-2e3b2363fa0c/go.mod h1:2Q0aNrHNbdpPDlouQXdBIScbZcZlvfzeDeEnMqPP4Rw=
github.com/akb/go-cli v0.0.0-20200705162509-c4c9705394bd h1:PEOeIcfNDulsocaU/tfNZ8reDQsGqZskjmZYRk2wHAs=
github.com/akb/go-cli v0.0.0-20200705162509-c4c9705394bd/go.mod h1:2Q0aNrHNbdpPDlouQXdBIScbZcZlvfzeDeEnMqPP4Rw=
github.com/akb/go-cli v0.0.0-20200706181545-83daedd558c4 h1:geogACFawblacITXFADXhhWn4Ufabg2QLrDPmDyoT5k=
github.com/akb/go-cli v0.0.0-20200706181545-83daedd558c4/go.mod h1:2Q0aNrHNbdpPDlouQXdBIScbZcZlvfzeDeEnMqPP4Rw=
github.com/akb/go-cli v0.0.0-20200715231626-320fbc8e2e70 h1:SGEQAtF8dmhVEhlvpCZTq2pcURQ8IqNvkhXvrvbQDUQ=
github.com/akb/go-cli v0.0.0-20200715231626-320fbc8e2e70/go.mod h1:2Q0aNrHNbdpPDlouQXdBIScbZcZlvfzeDeEnMqPP4Rw=
github.com/boltdb/bolt v1.3.1 h1:JQmyP4ZBrce+ZQu0dY660FMfatumYDLun9hBCUVIkF4=
github.com/boltdb/bolt v1.3.1/go.mod h1:clJnj/oiGkjum5o1McbSZDSLxVThjynRyGBgiAx27Ps=
github.com/dgrijalva/jwt-go v1.0.2 h1:KPldsxuKGsS2FPWsNeg9ZO18aCrGKujPoWXn2yo+KQM=
github.com/dgrijalva/jwt-go v3.2.0+incompatible h1:7qlOGliEKZXTDg6OTjfoBKDXWrumCAMpl/TFQ4/5kLM=
github.com/dgrijalva/jwt-go v3.2.0+incompatible/go.mod h1:E3ru+11k8xSBh+hMPgOLZmtrrCbhqsmaPHjLKYnJCaQ=
github.com/google/uuid v1.1.1 h1:Gkbcsh/GbpXz7lPftLA3P6TYMwjCLYm83jiFQZF/3gY=
github.com/google/uuid v1.1.1/go.mod h1:TIyPZe4MgqvfeYDBFedMoGGpEw/LqOeaOT+nhxU+yHo=
golang.org/x/crypto v0.0.0-20190308221718-c2843e01d9a2/go.mod h1:djNgcEr1/C05ACkg1iLfiJU5Ep61QUkGW8qpdssI0+w=
golang.org/x/crypto v0.0.0-20200622213623-75b288015ac9 h1:psW17arqaxU48Z5kZ0CQnkZWQJsqcURM6tKiBApRjXI=
golang.org/x/crypto v0.0.0-20200622213623-75b288015ac9/go.mod h1:LzIPMQfyMNhhGPhUkYOs5KpL4U8rLKemX1yGLhDgUto=
golang.org/x/crypto v0.0.0-20200709230013-948cd5f35899 h1:DZhuSZLsGlFL4CmhA8BcRA0mnthyA/nZ00AqCUo7vHg=
golang.org/x/crypto v0.0.0-20200709230013-948cd5f35899/go.mod h1:LzIPMQfyMNhhGPhUkYOs5KpL4U8rLKemX1yGLhDgUto=
golang.org/x/net v0.0.0-20190404232315-eb5bcb51f2a3/go.mod h1:t9HGtf8HONx5eT2rtn7q6eTqICYqUVnKs3thJo3Qplg=
golang.org/x/sys v0.0.0-20190215142949-d0b11bdaac8a/go.mod h1:STP8DvDyc/dI5b8T5hshtkjS+E42TnysNCUPdjciGhY=
golang.org/x/sys v0.0.0-20190412213103-97732733099d h1:+R4KGOnez64A81RvjARKc4UT5/tI9ujCIVX+P5KiHuI=
golang.org/x/sys v0.0.0-20190412213103-97732733099d/go.mod h1:h1NjWce9XRLGQEsW7wpKNCjG9DtNlClVuFLEZdDNbEs=
golang.org/x/sys v0.0.0-20200625212154-ddb9806d33ae h1:Ih9Yo4hSPImZOpfGuA4bR/ORKTAbhZo2AbWNRCnevdo=
golang.org/x/sys v0.0.0-20200625212154-ddb9806d33ae/go.mod h1:h1NjWce9XRLGQEsW7wpKNCjG9DtNlClVuFLEZdDNbEs=
golang.org/x/text v0.3.0/go.mod h1:NqM8EUOU14njkJ3fqMW+pc6Ldnwhi/IjpwHt7yyuwOQ=
